
Microsoft Visual Studio Solution File, Format Version 12.00
# Visual Studio Version 16
VisualStudioVersion = 16.0.29613.14
MinimumVisualStudioVersion = 10.0.40219.1
Project("{FAE04EC0-301F-11D3-BF4B-00C04F79EFBC}") = "1BGB.Api", "1BGB.Api.csproj", "{A49AFAAF-434A-464B-9ED3-2BA33D7102C8}"
	ProjectSection(ProjectDependencies) = postProject
		{BAE01D5C-FE19-4390-B0EB-4EEF49763F8A} = {BAE01D5C-FE19-4390-B0EB-4EEF49763F8A}
	EndProjectSection
EndProject
Project("{FAE04EC0-301F-11D3-BF4B-00C04F79EFBC}") = "Core", "..\Core\Core.csproj", "{BAE01D5C-FE19-4390-B0EB-4EEF49763F8A}"
EndProject
Global
	GlobalSection(SolutionConfigurationPlatforms) = preSolution
		Debug|Any CPU = Debug|Any CPU
		Release|Any CPU = Release|Any CPU
	EndGlobalSection
	GlobalSection(ProjectConfigurationPlatforms) = postSolution
		{A49AFAAF-434A-464B-9ED3-2BA33D7102C8}.Debug|Any CPU.ActiveCfg = Debug|Any CPU
		{A49AFAAF-434A-464B-9ED3-2BA33D7102C8}.Debug|Any CPU.Build.0 = Debug|Any CPU
		{A49AFAAF-434A-464B-9ED3-2BA33D7102C8}.Release|Any CPU.ActiveCfg = Release|Any CPU
		{A49AFAAF-434A-464B-9ED3-2BA33D7102C8}.Release|Any CPU.Build.0 = Release|Any CPU
		{BAE01D5C-FE19-4390-B0EB-4EEF49763F8A}.Debug|Any CPU.ActiveCfg = Debug|Any CPU
		{BAE01D5C-FE19-4390-B0EB-4EEF49763F8A}.Debug|Any CPU.Build.0 = Debug|Any CPU
		{BAE01D5C-FE19-4390-B0EB-4EEF49763F8A}.Release|Any CPU.ActiveCfg = Release|Any CPU
		{BAE01D5C-FE19-4390-B0EB-4EEF49763F8A}.Release|Any CPU.Build.0 = Release|Any CPU
	EndGlobalSection
	GlobalSection(SolutionProperties) = preSolution
		HideSolutionNode = FALSE
	EndGlobalSection
	GlobalSection(ExtensibilityGlobals) = postSolution
		SolutionGuid = {A2B889ED-46F1-4B2A-8182-27CD805843AA}
	EndGlobalSection
EndGlobal
